<?xml version="1.0" encoding="UTF-8" standalone="yes" ?>
<CodeBlocks_project_file>
	<FileVersion major="1" minor="6" />
	<Project>
		<Option title="dbg" />
		<Option pch_mode="2" />
		<Option compiler="gcc" />
		<Build>
			<Target title="Debug">
				<Option output="bin/Debug/dbg" prefix_auto="1" extension_auto="1" />
				<Option object_output="obj/Debug/" />
				<Option type="1" />
				<Option compiler="gcc" />
				<Compiler>
					<Add option="-std=c++0x" />
					<Add option="-g" />
				</Compiler>
			</Target>
			<Target title="Release">
				<Option output="bin/Release/dbg" prefix_auto="1" extension_auto="1" />
				<Option object_output="obj/Release/" />
				<Option type="1" />
				<Option compiler="gcc" />
				<Compiler>
					<Add option="-O2" />
				</Compiler>
				<Linker>
					<Add option="-s" />
				</Linker>
			</Target>
		</Build>
		<Compiler>
			<Add option="-Wall" />
			<Add option="-fexceptions" />
		</Compiler>
		<Unit filename="bi.cpp" />
		<Unit filename="bi.hpp" />
		<Unit filename="bi.output" />
		<Unit filename="buildfile.sh" />
		<Unit filename="buildtable.h" />
		<Unit filename="cl.txt" />
		<Unit filename="classes.h" />
		<Unit filename="classes.txt" />
		<Unit filename="codefragment.h" />
		<Unit filename="dbg.cbp" />
		<Unit filename="dbg.depend" />
		<Unit filename="dbg.layout" />
		<Unit filename="enums.h" />
		<Unit filename="file.lex" />
		<Unit filename="fl.cpp" />
		<Unit filename="forward.h" />
		<Unit filename="frame.h" />
		<Unit filename="fwdclasses.h" />
		<Unit filename="gcc.log" />
		<Unit filename="gen.py" />
		<Unit filename="gen_visitors.py" />
		<Unit filename="interfaces.h" />
		<Unit filename="irtreevisitor.h" />
		<Unit filename="itreevisitor.h" />
		<Unit filename="main.cpp" />
		<Unit filename="makefile" />
		<Unit filename="mjv" />
		<Unit filename="namegenerator.h" />
		<Unit filename="printvisitor.h" />
		<Unit filename="pv-comp.sublime-project" />
		<Unit filename="pv-comp.sublime-workspace" />
		<Unit filename="run" />
		<Unit filename="runvisitor.h" />
		<Unit filename="simple_java.y" />
		<Unit filename="symbol.cpp" />
		<Unit filename="symbol.h" />
		<Unit filename="symbolstable.cpp" />
		<Unit filename="symbolstable.h" />
		<Unit filename="temp.h" />
		<Unit filename="todo.txt" />
		<Unit filename="tree.txt" />
		<Unit filename="treeClasses.h" />
		<Unit filename="treeInterfaces.h" />
		<Unit filename="treevisitor.h" />
		<Unit filename="typecheckervisitor.h" />
		<Unit filename="types.h" />
		<Unit filename="union.h" />
		<Unit filename="visitor.h" />
		<Unit filename="wrapper.h" />
		<Extensions>
			<code_completion />
			<debugger />
		</Extensions>
	</Project>
</CodeBlocks_project_file>
